
Microsoft Visual Studio Solution File, Format Version 12.00
# Visual Studio 15
VisualStudioVersion = 15.0.26730.12
MinimumVisualStudioVersion = 10.0.40219.1
Project("{FAE04EC0-301F-11D3-BF4B-00C04F79EFBC}") = "CTCI 1.2 Reverse String", "CTCI 1.2 Reverse String\CTCI 1.2 Reverse String.csproj", "{AF6B533A-5878-43B5-97E5-827BD49C03A4}"
EndProject
Global
	GlobalSection(SolutionConfigurationPlatforms) = preSolution
		Debug|Any CPU = Debug|Any CPU
		Release|Any CPU = Release|Any CPU
	EndGlobalSection
	GlobalSection(ProjectConfigurationPlatforms) = postSolution
		{AF6B533A-5878-43B5-97E5-827BD49C03A4}.Debug|Any CPU.ActiveCfg = Debug|Any CPU
		{AF6B533A-5878-43B5-97E5-827BD49C03A4}.Debug|Any CPU.Build.0 = Debug|Any CPU
		{AF6B533A-5878-43B5-97E5-827BD49C03A4}.Release|Any CPU.ActiveCfg = Release|Any CPU
		{AF6B533A-5878-43B5-97E5-827BD49C03A4}.Release|Any CPU.Build.0 = Release|Any CPU
	EndGlobalSection
	GlobalSection(SolutionProperties) = preSolution
		HideSolutionNode = FALSE
	EndGlobalSection
	GlobalSection(ExtensibilityGlobals) = postSolution
		SolutionGuid = {210E9F92-23C3-4DB7-8822-0276D79D9F39}
	EndGlobalSection
EndGlobal
